// !$*UTF8*$!
{
	archiveVersion = 1;
	classes = {
	};
	objectVersion = 46;
	objects = {

/* Begin PBXBuildFile section */
		18B098FE1C7DAD5600EE0BD8 /* Image.swift in Sources */ = {isa = PBXBuildFile; fileRef = 18B098FD1C7DAD5600EE0BD8 /* Image.swift */; };
		18FD19881C79DC3000EBB0CC /* AppDelegate.swift in Sources */ = {isa = PBXBuildFile; fileRef = 18FD19871C79DC3000EBB0CC /* AppDelegate.swift */; };
		18FD198A1C79DC3000EBB0CC /* ViewController.swift in Sources */ = {isa = PBXBuildFile; fileRef = 18FD19891C79DC3000EBB0CC /* ViewController.swift */; };
		18FD198D1C79DC3000EBB0CC /* Main.storyboard in Resources */ = {isa = PBXBuildFile; fileRef = 18FD198B1C79DC3000EBB0CC /* Main.storyboard */; };
		18FD198F1C79DC3000EBB0CC /* Images.xcassets in Resources */ = {isa = PBXBuildFile; fileRef = 18FD198E1C79DC3000EBB0CC /* Images.xcassets */; };
		18FD19921C79DC3000EBB0CC /* LaunchScreen.xib in Resources */ = {isa = PBXBuildFile; fileRef = 18FD19901C79DC3000EBB0CC /* LaunchScreen.xib */; };
		18FD199E1C79DC3000EBB0CC /* cameraTests.swift in Sources */ = {isa = PBXBuildFile; fileRef = 18FD199D1C79DC3000EBB0CC /* cameraTests.swift */; };
/* End PBXBuildFile section */

/* Begin PBXContainerItemProxy section */
		18FD19981C79DC3000EBB0CC /* PBXContainerItemProxy */ = {
			isa = PBXContainerItemProxy;
			containerPortal = 18FD197A1C79DC3000EBB0CC /* Project object */;
			proxyType = 1;
			remoteGlobalIDString = 18FD19811C79DC3000EBB0CC;
			remoteInfo = camera;
		};
/* End PBXContainerItemProxy section */

/* Begin PBXFileReference section */
		18B098FD1C7DAD5600EE0BD8 /* Image.swift */ = {isa = PBXFileReference; fileEncoding = 4; lastKnownFileType = sourcecode.swift; path = Image.swift; sourceTree = "<group>"; };
		18FD19821C79DC3000EBB0CC /* camera.app */ = {isa = PBXFileReference; explicitFileType = wrapper.application; includeInIndex = 0; path = camera.app; sourceTree = BUILT_PRODUCTS_DIR; };
		18FD19861C79DC3000EBB0CC /* Info.plist */ = {isa = PBXFileReference; lastKnownFileType = text.plist.xml; path = Info.plist; sourceTree = "<group>"; };
		18FD19871C79DC3000EBB0CC /* AppDelegate.swift */ = {isa = PBXFileReference; lastKnownFileType = sourcecode.swift; path = AppDelegate.swift; sourceTree = "<group>"; };
		18FD19891C79DC3000EBB0CC /* ViewController.swift */ = {isa = PBXFileReference; lastKnownFileType = sourcecode.swift; path = ViewController.swift; sourceTree = "<group>"; };
		18FD198C1C79DC3000EBB0CC /* Base */ = {isa = PBXFileReference; lastKnownFileType = file.storyboard; name = Base; path = Base.lproj/Main.storyboard; sourceTree = "<group>"; };
		18FD198E1C79DC3000EBB0CC /* Images.xcassets */ = {isa = PBXFileReference; lastKnownFileType = folder.assetcatalog; path = Images.xcassets; sourceTree = "<group>"; };
		18FD19911C79DC3000EBB0CC /* Base */ = {isa = PBXFileReference; lastKnownFileType = file.xib; name = Base; path = Base.lproj/LaunchScreen.xib; sourceTree = "<group>"; };
		18FD19971C79DC3000EBB0CC /* cameraTests.xctest */ = {isa = PBXFileReference; explicitFileType = wrapper.cfbundle; includeInIndex = 0; path = cameraTests.xctest; sourceTree = BUILT_PRODUCTS_DIR; };
		18FD199C1C79DC3000EBB0CC /* Info.plist */ = {isa = PBXFileReference; lastKnownFileType = text.plist.xml; path = Info.plist; sourceTree = "<group>"; };
		18FD199D1C79DC3000EBB0CC /* cameraTests.swift */ = {isa = PBXFileReference; lastKnownFileType = sourcecode.swift; path = cameraTests.swift; sourceTree = "<group>"; };
/* End PBXFileReference section */

/* Begin PBXFrameworksBuildPhase section */
		18FD197F1C79DC3000EBB0CC /* Frameworks */ = {
			isa = PBXFrameworksBuildPhase;
			buildActionMask = 2147483647;
			files = (
			);
			runOnlyForDeploymentPostprocessing = 0;
		};
		18FD19941C79DC3000EBB0CC /* Frameworks */ = {
			isa = PBXFrameworksBuildPhase;
			buildActionMask = 2147483647;
			files = (
			);
			runOnlyForDeploymentPostprocessing = 0;
		};
/* End PBXFrameworksBuildPhase section */

/* Begin PBXGroup section */
		18FD19791C79DC3000EBB0CC = {
			isa = PBXGroup;
			children = (
				18FD19841C79DC3000EBB0CC /* camera */,
				18FD199A1C79DC3000EBB0CC /* cameraTests */,
				18FD19831C79DC3000EBB0CC /* Products */,
			);
			sourceTree = "<group>";
		};
		18FD19831C79DC3000EBB0CC /* Products */ = {
			isa = PBXGroup;
			children = (
				18FD19821C79DC3000EBB0CC /* camera.app */,
				18FD19971C79DC3000EBB0CC /* cameraTests.xctest */,
			);
			name = Products;
			sourceTree = "<group>";
		};
		18FD19841C79DC3000EBB0CC /* camera */ = {
			isa = PBXGroup;
			children = (
				18FD19871C79DC3000EBB0CC /* AppDelegate.swift */,
				18FD19891C79DC3000EBB0CC /* ViewController.swift */,
				18B098FD1C7DAD5600EE0BD8 /* Image.swift */,
				18FD198B1C79DC3000EBB0CC /* Main.storyboard */,
				18FD198E1C79DC3000EBB0CC /* Images.xcassets */,
				18FD19901C79DC3000EBB0CC /* LaunchScreen.xib */,
				18FD19851C79DC3000EBB0CC /* Supporting Files */,
			);
			path = camera;
			sourceTree = "<group>";
		};
		18FD19851C79DC3000EBB0CC /* Supporting Files */ = {
			isa = PBXGroup;
			children = (
				18FD19861C79DC3000EBB0CC /* Info.plist */,
			);
			name = "Supporting Files";
			sourceTree = "<group>";
		};
		18FD199A1C79DC3000EBB0CC /* cameraTests */ = {
			isa = PBXGroup;
			children = (
				18FD199D1C79DC3000EBB0CC /* cameraTests.swift */,
				18FD199B1C79DC3000EBB0CC /* Supporting Files */,
			);
			path = cameraTests;
			sourceTree = "<group>";
		};
		18FD199B1C79DC3000EBB0CC /* Supporting Files */ = {
			isa = PBXGroup;
			children = (
				18FD199C1C79DC3000EBB0CC /* Info.plist */,
			);
			name = "Supporting Files";
			sourceTree = "<group>";
		};
/* End PBXGroup section */

/* Begin PBXNativeTarget section */
		18FD19811C79DC3000EBB0CC /* camera */ = {
			isa = PBXNativeTarget;
			buildConfigurationList = 18FD19A11C79DC3000EBB0CC /* Build configuration list for PBXNativeTarget "camera" */;
			buildPhases = (
				18FD197E1C79DC3000EBB0CC /* Sources */,
				18FD197F1C79DC3000EBB0CC /* Frameworks */,
				18FD19801C79DC3000EBB0CC /* Resources */,
			);
			buildRules = (
			);
			dependencies = (
			);
			name = camera;
			productName = camera;
			productReference = 18FD19821C79DC3000EBB0CC /* camera.app */;
			productType = "com.apple.product-type.application";
		};
		18FD19961C79DC3000EBB0CC /* cameraTests */ = {
			isa = PBXNativeTarget;
			buildConfigurationList = 18FD19A41C79DC3000EBB0CC /* Build configuration list for PBXNativeTarget "cameraTests" */;
			buildPhases = (
				18FD19931C79DC3000EBB0CC /* Sources */,
				18FD19941C79DC3000EBB0CC /* Frameworks */,
				18FD19951C79DC3000EBB0CC /* Resources */,
			);
			buildRules = (
			);
			dependencies = (
				18FD19991C79DC3000EBB0CC /* PBXTargetDependency */,
			);
			name = cameraTests;
			productName = cameraTests;
			productReference = 18FD19971C79DC3000EBB0CC /* cameraTests.xctest */;
			productType = "com.apple.product-type.bundle.unit-test";
		};
/* End PBXNativeTarget section */

/* Begin PBXProject section */
		18FD197A1C79DC3000EBB0CC /* Project object */ = {
			isa = PBXProject;
			attributes = {
				LastSwiftMigration = 0720;
				LastSwiftUpdateCheck = 0720;
				LastUpgradeCheck = 0720;
				ORGANIZATIONNAME = KiraMelody;
				TargetAttributes = {
					18FD19811C79DC3000EBB0CC = {
						CreatedOnToolsVersion = 6.3.2;
						DevelopmentTeam = 64VC6J8U2G;
					};
					18FD19961C79DC3000EBB0CC = {
						CreatedOnToolsVersion = 6.3.2;
						TestTargetID = 18FD19811C79DC3000EBB0CC;
					};
				};
			};
			buildConfigurationList = 18FD197D1C79DC3000EBB0CC /* Build configuration list for PBXProject "camera" */;
			compatibilityVersion = "Xcode 3.2";
			developmentRegion = English;
			hasScannedForEncodings = 0;
			knownRegions = (
				en,
				Base,
			);
			mainGroup = 18FD19791C79DC3000EBB0CC;
			productRefGroup = 18FD19831C79DC3000EBB0CC /* Products */;
			projectDirPath = "";
			projectRoot = "";
			targets = (
				18FD19811C79DC3000EBB0CC /* camera */,
				18FD19961C79DC3000EBB0CC /* cameraTests */,
			);
		};
/* End PBXProject section */

/* Begin PBXResourcesBuildPhase section */
		18FD19801C79DC3000EBB0CC /* Resources */ = {
			isa = PBXResourcesBuildPhase;
			buildActionMask = 2147483647;
			files = (
				18FD198D1C79DC3000EBB0CC /* Main.storyboard in Resources */,
				18FD19921C79DC3000EBB0CC /* LaunchScreen.xib in Resources */,
				18FD198F1C79DC3000EBB0CC /* Images.xcassets in Resources */,
			);
			runOnlyForDeploymentPostprocessing = 0;
		};
		18FD19951C79DC3000EBB0CC /* Resources */ = {
			isa = PBXResourcesBuildPhase;
			buildActionMask = 2147483647;
			files = (
			);
			runOnlyForDeploymentPostprocessing = 0;
		};
/* End PBXResourcesBuildPhase section */

/* Begin PBXSourcesBuildPhase section */
		18FD197E1C79DC3000EBB0CC /* Sources */ = {
			isa = PBXSourcesBuildPhase;
			buildActionMask = 2147483647;
			files = (
				18FD198A1C79DC3000EBB0CC /* ViewController.swift in Sources */,
				18B098FE1C7DAD5600EE0BD8 /* Image.swift in Sources */,
				18FD19881C79DC3000EBB0CC /* AppDelegate.swift in Sources */,
			);
			runOnlyForDeploymentPostprocessing = 0;
		};
		18FD19931C79DC3000EBB0CC /* Sources */ = {
			isa = PBXSourcesBuildPhase;
			buildActionMask = 2147483647;
			files = (
				18FD199E1C79DC3000EBB0CC /* cameraTests.swift in Sources */,
			);
			runOnlyForDeploymentPostprocessing = 0;
		};
/* End PBXSourcesBuildPhase section */

/* Begin PBXTargetDependency section */
		18FD19991C79DC3000EBB0CC /* PBXTargetDependency */ = {
			isa = PBXTargetDependency;
			target = 18FD19811C79DC3000EBB0CC /* camera */;
			targetProxy = 18FD19981C79DC3000EBB0CC /* PBXContainerItemProxy */;
		};
/* End PBXTargetDependency section */

/* Begin PBXVariantGroup section */
		18FD198B1C79DC3000EBB0CC /* Main.storyboard */ = {
			isa = PBXVariantGroup;
			children = (
				18FD198C1C79DC3000EBB0CC /* Base */,
			);
			name = Main.storyboard;
			sourceTree = "<group>";
		};
		18FD19901C79DC3000EBB0CC /* LaunchScreen.xib */ = {
			isa = PBXVariantGroup;
			children = (
				18FD19911C79DC3000EBB0CC /* Base */,
			);
			name = LaunchScreen.xib;
			sourceTree = "<group>";
		};
/* End PBXVariantGroup section */

/* Begin XCBuildConfiguration section */
		18FD199F1C79DC3000EBB0CC /* Debug */ = {
			isa = XCBuildConfiguration;
			buildSettings = {
				ALWAYS_SEARCH_USER_PATHS = NO;
				CLANG_CXX_LANGUAGE_STANDARD = "gnu++0x";
				CLANG_CXX_LIBRARY = "libc++";
				CLANG_ENABLE_MODULES = YES;
				CLANG_ENABLE_OBJC_ARC = YES;
				CLANG_WARN_BOOL_CONVERSION = YES;
				CLANG_WARN_CONSTANT_CONVERSION = YES;
				CLANG_WARN_DIRECT_OBJC_ISA_USAGE = YES_ERROR;
				CLANG_WARN_EMPTY_BODY = YES;
				CLANG_WARN_ENUM_CONVERSION = YES;
				CLANG_WARN_INT_CONVERSION = YES;
				CLANG_WARN_OBJC_ROOT_CLASS = YES_ERROR;
				CLANG_WARN_UNREACHABLE_CODE = YES;
				CLANG_WARN__DUPLICATE_METHOD_MATCH = YES;
				"CODE_SIGN_IDENTITY[sdk=iphoneos*]" = "iPhone Developer";
				COPY_PHASE_STRIP = NO;
				DEBUG_INFORMATION_FORMAT = "dwarf-with-dsym";
				ENABLE_STRICT_OBJC_MSGSEND = YES;
				ENABLE_TESTABILITY = YES;
				GCC_C_LANGUAGE_STANDARD = gnu99;
				GCC_DYNAMIC_NO_PIC = NO;
				GCC_NO_COMMON_BLOCKS = YES;
				GCC_OPTIMIZATION_LEVEL = 0;
				GCC_PREPROCESSOR_DEFINITIONS = (
					"DEBUG=1",
					"$(inherited)",
				);
				GCC_SYMBOLS_PRIVATE_EXTERN = NO;
				GCC_WARN_64_TO_32_BIT_CONVERSION = YES;
				GCC_WARN_ABOUT_RETURN_TYPE = YES_ERROR;
				GCC_WARN_UNDECLARED_SELECTOR = YES;
				GCC_WARN_UNINITIALIZED_AUTOS = YES_AGGRESSIVE;
				GCC_WARN_UNUSED_FUNCTION = YES;
				GCC_WARN_UNUSED_VARIABLE = YES;
				IPHONEOS_DEPLOYMENT_TARGET = 8.3;
				MTL_ENABLE_DEBUG_INFO = YES;
				ONLY_ACTIVE_ARCH = YES;
				SDKROOT = iphoneos;
				SWIFT_OPTIMIZATION_LEVEL = "-Onone";
				TARGETED_DEVICE_FAMILY = "1,2";
			};
			name = Debug;
		};
		18FD19A01C79DC3000EBB0CC /* Release */ = {
			isa = XCBuildConfiguration;
			buildSettings = {
				ALWAYS_SEARCH_USER_PATHS = NO;
				CLANG_CXX_LANGUAGE_STANDARD = "gnu++0x";
				CLANG_CXX_LIBRARY = "libc++";
				CLANG_ENABLE_MODULES = YES;
				CLANG_ENABLE_OBJC_ARC = YES;
				CLANG_WARN_BOOL_CONVERSION = YES;
				CLANG_WARN_CONSTANT_CONVERSION = YES;
				CLANG_WARN_DIRECT_OBJC_ISA_USAGE = YES_ERROR;
				CLANG_WARN_EMPTY_BODY = YES;
				CLANG_WARN_ENUM_CONVERSION = YES;
				CLANG_WARN_INT_CONVERSION = YES;
				CLANG_WARN_OBJC_ROOT_CLASS = YES_ERROR;
				CLANG_WARN_UNREACHABLE_CODE = YES;
				CLANG_WARN__DUPLICATE_METHOD_MATCH = YES;
				"CODE_SIGN_IDENTITY[sdk=iphoneos*]" = "iPhone Developer";
				COPY_PHASE_STRIP = NO;
				DEBUG_INFORMATION_FORMAT = "dwarf-with-dsym";
				ENABLE_NS_ASSERTIONS = NO;
				ENABLE_STRICT_OBJC_MSGSEND = YES;
				GCC_C_LANGUAGE_STANDARD = gnu99;
				GCC_NO_COMMON_BLOCKS = YES;
				GCC_WARN_64_TO_32_BIT_CONVERSION = YES;
				GCC_WARN_ABOUT_RETURN_TYPE = YES_ERROR;
				GCC_WARN_UNDECLARED_SELECTOR = YES;
				GCC_WARN_UNINITIALIZED_AUTOS = YES_AGGRESSIVE;
				GCC_WARN_UNUSED_FUNCTION = YES;
				GCC_WARN_UNUSED_VARIABLE = YES;
				IPHONEOS_DEPLOYMENT_TARGET = 8.3;
				MTL_ENABLE_DEBUG_INFO = NO;
				SDKROOT = iphoneos;
				TARGETED_DEVICE_FAMILY = "1,2";
				VALIDATE_PRODUCT = YES;
			};
			name = Release;
		};
		18FD19A21C79DC3000EBB0CC /* Debug */ = {
			isa = XCBuildConfiguration;
			buildSettings = {
				ASSETCATALOG_COMPILER_APPICON_NAME = AppIcon;
				CODE_SIGN_IDENTITY = "iPhone Developer";
				INFOPLIST_FILE = camera/Info.plist;
				LD_RUNPATH_SEARCH_PATHS = "$(inherited) @executable_path/Frameworks";
				PRODUCT_BUNDLE_IDENTIFIER = "com.world.$(PRODUCT_NAME:rfc1034identifier)";
				PRODUCT_NAME = "$(TARGET_NAME)";
			};
			name = Debug;
		};
		18FD19A31C79DC3000EBB0CC /* Release */ = {
			isa = XCBuildConfiguration;
			buildSettings = {
				ASSETCATALOG_COMPILER_APPICON_NAME = AppIcon;
				CODE_SIGN_IDENTITY = "iPhone Developer";
				INFOPLIST_FILE = camera/Info.plist;
				LD_RUNPATH_SEARCH_PATHS = "$(inherited) @executable_path/Frameworks";
				PRODUCT_BUNDLE_IDENTIFIER = "com.world.$(PRODUCT_NAME:rfc1034identifier)";
				PRODUCT_NAME = "$(TARGET_NAME)";
			};
			name = Release;
		};
		18FD19A51C79DC3000EBB0CC /* Debug */ = {
			isa = XCBuildConfiguration;
			buildSettings = {
				BUNDLE_LOADER = "$(TEST_HOST)";
				FRAMEWORK_SEARCH_PATHS = (
					"$(SDKROOT)/Developer/Library/Frameworks",
					"$(inherited)",
				);
				GCC_PREPROCESSOR_DEFINITIONS = (
					"DEBUG=1",
					"$(inherited)",
				);
				INFOPLIST_FILE = cameraTests/Info.plist;
				LD_RUNPATH_SEARCH_PATHS = "$(inherited) @executable_path/Frameworks @loader_path/Frameworks";
				PRODUCT_BUNDLE_IDENTIFIER = "com.world.$(PRODUCT_NAME:rfc1034identifier)";
				PRODUCT_NAME = "$(TARGET_NAME)";
				TEST_HOST = "$(BUILT_PRODUCTS_DIR)/camera.app/camera";
			};
			name = Debug;
		};
		18FD19A61C79DC3000EBB0CC /* Release */ = {
			isa = XCBuildConfiguration;
			buildSettings = {
				BUNDLE_LOADER = "$(TEST_HOST)";
				FRAMEWORK_SEARCH_PATHS = (
					"$(SDKROOT)/Developer/Library/Frameworks",
					"$(inherited)",
				);
				INFOPLIST_FILE = cameraTests/Info.plist;
				LD_RUNPATH_SEARCH_PATHS = "$(inherited) @executable_path/Frameworks @loader_path/Frameworks";
				PRODUCT_BUNDLE_IDENTIFIER = "com.world.$(PRODUCT_NAME:rfc1034identifier)";
				PRODUCT_NAME = "$(TARGET_NAME)";
				TEST_HOST = "$(BUILT_PRODUCTS_DIR)/camera.app/camera";
			};
			name = Release;
		};
/* End XCBuildConfiguration section */

/* Begin XCConfigurationList section */
		18FD197D1C79DC3000EBB0CC /* Build configuration list for PBXProject "camera" */ = {
			isa = XCConfigurationList;
			buildConfigurations = (
				18FD199F1C79DC3000EBB0CC /* Debug */,
				18FD19A01C79DC3000EBB0CC /* Release */,
			);
			defaultConfigurationIsVisible = 0;
			defaultConfigurationName = Release;
		};
		18FD19A11C79DC3000EBB0CC /* Build configuration list for PBXNativeTarget "camera" */ = {
			isa = XCConfigurationList;
			buildConfigurations = (
				18FD19A21C79DC3000EBB0CC /* Debug */,
				18FD19A31C79DC3000EBB0CC /* Release */,
			);
			defaultConfigurationIsVisible = 0;
			defaultConfigurationName = Release;
		};
		18FD19A41C79DC3000EBB0CC /* Build configuration list for PBXNativeTarget "cameraTests" */ = {
			isa = XCConfigurationList;
			buildConfigurations = (
				18FD19A51C79DC3000EBB0CC /* Debug */,
				18FD19A61C79DC3000EBB0CC /* Release */,
			);
			defaultConfigurationIsVisible = 0;
			defaultConfigurationName = Release;
		};
/* End XCConfigurationList section */
	};
	rootObject = 18FD197A1C79DC3000EBB0CC /* Project object */;
}
